
Microsoft Visual Studio Solution File, Format Version 12.00
# Visual Studio Version 17
VisualStudioVersion = 17.3.32804.467
MinimumVisualStudioVersion = 10.0.40219.1
Project("{888888A0-9F3D-457C-B088-3A5042F75D52}") = "MyBot", "MyBot\MyBot.pyproj", "{FCBBAA13-6781-4F72-A787-FDC56968420B}"
EndProject
Global
	GlobalSection(SolutionConfigurationPlatforms) = preSolution
		Debug|Any CPU = Debug|Any CPU
		Release|Any CPU = Release|Any CPU
	EndGlobalSection
	GlobalSection(ProjectConfigurationPlatforms) = postSolution
		{FCBBAA13-6781-4F72-A787-FDC56968420B}.Debug|Any CPU.ActiveCfg = Debug|Any CPU
		{FCBBAA13-6781-4F72-A787-FDC56968420B}.Release|Any CPU.ActiveCfg = Release|Any CPU
	EndGlobalSection
	GlobalSection(SolutionProperties) = preSolution
		HideSolutionNode = FALSE
	EndGlobalSection
	GlobalSection(ExtensibilityGlobals) = postSolution
		SolutionGuid = {55C0E477-7261-4E80-B7AC-1364E3D23016}
	EndGlobalSection
EndGlobal
